Microsoft Visual Studio Solution File, Format Version 12.00
# Visual Studio Version 17
VisualStudioVersion = 17.5.2.0
MinimumVisualStudioVersion = 10.0.40219.1
Project("{FAE04EC0-301F-11D3-BF4B-00C04F79EFBC}") = "BookStoreApplication", "BookStoreApplication.csproj", "{8A290B31-9444-A1D2-A991-EF64DDCCD6EA}"
EndProject
Global
	GlobalSection(SolutionConfigurationPlatforms) = preSolution
		Debug|Any CPU = Debug|Any CPU
		Release|Any CPU = Release|Any CPU
	EndGlobalSection
	GlobalSection(ProjectConfigurationPlatforms) = postSolution
		{8A290B31-9444-A1D2-A991-EF64DDCCD6EA}.Debug|Any CPU.ActiveCfg = Debug|Any CPU
		{8A290B31-9444-A1D2-A991-EF64DDCCD6EA}.Debug|Any CPU.Build.0 = Debug|Any CPU
		{8A290B31-9444-A1D2-A991-EF64DDCCD6EA}.Release|Any CPU.ActiveCfg = Release|Any CPU
		{8A290B31-9444-A1D2-A991-EF64DDCCD6EA}.Release|Any CPU.Build.0 = Release|Any CPU
	EndGlobalSection
	GlobalSection(SolutionProperties) = preSolution
		HideSolutionNode = FALSE
	EndGlobalSection
	GlobalSection(ExtensibilityGlobals) = postSolution
		SolutionGuid = {17C1BABE-C08A-440A-ABE3-4A9AF59A20B7}
	EndGlobalSection
EndGlobal
